// !$*UTF8*$!
{
	archiveVersion = 1;
	classes = {
	};
	objectVersion = 56;
	objects = {

/* Begin PBXBuildFile section */
		D711C5D52F3E46DD005D1971 /* NewsItemImagesCell.swift in Sources */ = {isa = PBXBuildFile; fileRef = D711C5D42F3E46DD005D1971 /* NewsItemImagesCell.swift */; };
		D711C5D72F3E480F005D1971 /* NewsItemImageCell.swift in Sources */ = {isa = PBXBuildFile; fileRef = D711C5D62F3E480F005D1971 /* NewsItemImageCell.swift */; };
		D711C5D92F3E4948005D1971 /* ImagesCompositionalLayout.swift in Sources */ = {isa = PBXBuildFile; fileRef = D711C5D82F3E4948005D1971 /* ImagesCompositionalLayout.swift */; };
		D711C5DB2F3F2476005D1971 /* Date.swift in Sources */ = {isa = PBXBuildFile; fileRef = D711C5DA2F3F2476005D1971 /* Date.swift */; };
		D711C5DD2F3F2702005D1971 /* Label.swift in Sources */ = {isa = PBXBuildFile; fileRef = D711C5DC2F3F2702005D1971 /* Label.swift */; };
		D711C5E12F3F52D4005D1971 /* Log.swift in Sources */ = {isa = PBXBuildFile; fileRef = D711C5E02F3F52D4005D1971 /* Log.swift */; };
		D711C60C2F4069FC005D1971 /* NewsImageUrlsExtractor.swift in Sources */ = {isa = PBXBuildFile; fileRef = D711C60B2F4069FC005D1971 /* NewsImageUrlsExtractor.swift */; };
		D711C6142F40AF59005D1971 /* FullNewsTextRequester.swift in Sources */ = {isa = PBXBuildFile; fileRef = D711C6132F40AF59005D1971 /* FullNewsTextRequester.swift */; };
		D711C6162F41D704005D1971 /* AsyncQueue.swift in Sources */ = {isa = PBXBuildFile; fileRef = D711C6152F41D704005D1971 /* AsyncQueue.swift */; };
		D711C61A2F425611005D1971 /* CollectionCell.swift in Sources */ = {isa = PBXBuildFile; fileRef = D711C6192F425611005D1971 /* CollectionCell.swift */; };
		D72493AF2F39B9AC00B04CD6 /* NewsFeedViewController.swift in Sources */ = {isa = PBXBuildFile; fileRef = D72493AE2F39B9AC00B04CD6 /* NewsFeedViewController.swift */; };
		D73CAF242F43515000ABB035 /* PreviewNewsViewModel.swift in Sources */ = {isa = PBXBuildFile; fileRef = D73CAF232F43515000ABB035 /* PreviewNewsViewModel.swift */; };
		D73CAF262F4360A700ABB035 /* NewsItemIdentifier.swift in Sources */ = {isa = PBXBuildFile; fileRef = D73CAF252F4360A700ABB035 /* NewsItemIdentifier.swift */; };
		D73CAF292F43693900ABB035 /* BaseNewsViewModel.swift in Sources */ = {isa = PBXBuildFile; fileRef = D73CAF282F43693900ABB035 /* BaseNewsViewModel.swift */; };
		D73CAF2B2F437A2100ABB035 /* NewsFeedViewModel.swift in Sources */ = {isa = PBXBuildFile; fileRef = D73CAF2A2F437A2100ABB035 /* NewsFeedViewModel.swift */; };
		D794E26B2F39F5AA0076DFAA /* NewsParser.swift in Sources */ = {isa = PBXBuildFile; fileRef = D794E26A2F39F5AA0076DFAA /* NewsParser.swift */; };
		D794E26D2F3A3F0F0076DFAA /* NewsStorage.swift in Sources */ = {isa = PBXBuildFile; fileRef = D794E26C2F3A3F0F0076DFAA /* NewsStorage.swift */; };
		D794E26F2F3AF10E0076DFAA /* NewsStructures.swift in Sources */ = {isa = PBXBuildFile; fileRef = D794E26E2F3AF10E0076DFAA /* NewsStructures.swift */; };
		D794E2732F3B23C20076DFAA /* ImageLoader.swift in Sources */ = {isa = PBXBuildFile; fileRef = D794E2722F3B23C20076DFAA /* ImageLoader.swift */; };
		D794E2782F3C1F2C0076DFAA /* PreviewNewsItemCell.swift in Sources */ = {isa = PBXBuildFile; fileRef = D794E2772F3C1F2C0076DFAA /* PreviewNewsItemCell.swift */; };
		D794E27A2F3C1F4C0076DFAA /* PreviewNewsSupplementaryCell.swift in Sources */ = {isa = PBXBuildFile; fileRef = D794E2792F3C1F4C0076DFAA /* PreviewNewsSupplementaryCell.swift */; };
		D794E27C2F3C2AC90076DFAA /* PreviewNewsCompositionalLayout.swift in Sources */ = {isa = PBXBuildFile; fileRef = D794E27B2F3C2AC90076DFAA /* PreviewNewsCompositionalLayout.swift */; };
		D794E27E2F3C3CBC0076DFAA /* SceneDelegate.swift in Sources */ = {isa = PBXBuildFile; fileRef = D794E27D2F3C3CBC0076DFAA /* SceneDelegate.swift */; };
		D794E2802F3C44E00076DFAA /* URLCache.swift in Sources */ = {isa = PBXBuildFile; fileRef = D794E27F2F3C44E00076DFAA /* URLCache.swift */; };
		D794E2822F3C46130076DFAA /* Lock.swift in Sources */ = {isa = PBXBuildFile; fileRef = D794E2812F3C46130076DFAA /* Lock.swift */; };
		D794E2892F3CA4A40076DFAA /* NewsItemCell.swift in Sources */ = {isa = PBXBuildFile; fileRef = D794E2882F3CA4A40076DFAA /* NewsItemCell.swift */; };
		D794E28B2F3CACBC0076DFAA /* NewsCompositionalLayout.swift in Sources */ = {isa = PBXBuildFile; fileRef = D794E28A2F3CACBC0076DFAA /* NewsCompositionalLayout.swift */; };
		D7E5AF892F38689900B82167 /* AppDelegate.swift in Sources */ = {isa = PBXBuildFile; fileRef = D7E5AF882F38689900B82167 /* AppDelegate.swift */; };
		D7E5AF8D2F38689900B82167 /* StartViewController.swift in Sources */ = {isa = PBXBuildFile; fileRef = D7E5AF8C2F38689900B82167 /* StartViewController.swift */; };
		D7E5AF902F38689900B82167 /* Main.storyboard in Resources */ = {isa = PBXBuildFile; fileRef = D7E5AF8E2F38689900B82167 /* Main.storyboard */; };
		D7E5AF922F38689A00B82167 /* Assets.xcassets in Resources */ = {isa = PBXBuildFile; fileRef = D7E5AF912F38689A00B82167 /* Assets.xcassets */; };
		D7E5AF952F38689A00B82167 /* LaunchScreen.storyboard in Resources */ = {isa = PBXBuildFile; fileRef = D7E5AF932F38689A00B82167 /* LaunchScreen.storyboard */; };
/* End PBXBuildFile section */

/* Begin PBXFileReference section */
		D711C5D42F3E46DD005D1971 /* NewsItemImagesCell.swift */ = {isa = PBXFileReference; lastKnownFileType = sourcecode.swift; path = NewsItemImagesCell.swift; sourceTree = "<group>"; };
		D711C5D62F3E480F005D1971 /* NewsItemImageCell.swift */ = {isa = PBXFileReference; lastKnownFileType = sourcecode.swift; path = NewsItemImageCell.swift; sourceTree = "<group>"; };
		D711C5D82F3E4948005D1971 /* ImagesCompositionalLayout.swift */ = {isa = PBXFileReference; lastKnownFileType = sourcecode.swift; path = ImagesCompositionalLayout.swift; sourceTree = "<group>"; };
		D711C5DA2F3F2476005D1971 /* Date.swift */ = {isa = PBXFileReference; fileEncoding = 4; lastKnownFileType = sourcecode.swift; path = Date.swift; sourceTree = "<group>"; };
		D711C5DC2F3F2702005D1971 /* Label.swift */ = {isa = PBXFileReference; lastKnownFileType = sourcecode.swift; path = Label.swift; sourceTree = "<group>"; };
		D711C5E02F3F52D4005D1971 /* Log.swift */ = {isa = PBXFileReference; lastKnownFileType = sourcecode.swift; path = Log.swift; sourceTree = "<group>"; };
		D711C60B2F4069FC005D1971 /* NewsImageUrlsExtractor.swift */ = {isa = PBXFileReference; lastKnownFileType = sourcecode.swift; path = NewsImageUrlsExtractor.swift; sourceTree = "<group>"; };
		D711C6112F40A032005D1971 /* Info.plist */ = {isa = PBXFileReference; lastKnownFileType = text.plist.xml; path = Info.plist; sourceTree = "<group>"; };
		D711C6132F40AF59005D1971 /* FullNewsTextRequester.swift */ = {isa = PBXFileReference; lastKnownFileType = sourcecode.swift; path = FullNewsTextRequester.swift; sourceTree = "<group>"; };
		D711C6152F41D704005D1971 /* AsyncQueue.swift */ = {isa = PBXFileReference; lastKnownFileType = sourcecode.swift; path = AsyncQueue.swift; sourceTree = "<group>"; };
		D711C6192F425611005D1971 /* CollectionCell.swift */ = {isa = PBXFileReference; fileEncoding = 4; lastKnownFileType = sourcecode.swift; path = CollectionCell.swift; sourceTree = "<group>"; };
		D7196C9C2F46339200132B20 /* ru */ = {isa = PBXFileReference; lastKnownFileType = text.plist.strings; name = ru; path = ru.lproj/Main.strings; sourceTree = "<group>"; };
		D7196C9D2F46339200132B20 /* ru */ = {isa = PBXFileReference; lastKnownFileType = text.plist.strings; name = ru; path = ru.lproj/LaunchScreen.strings; sourceTree = "<group>"; };
		D72493AE2F39B9AC00B04CD6 /* NewsFeedViewController.swift */ = {isa = PBXFileReference; lastKnownFileType = sourcecode.swift; path = NewsFeedViewController.swift; sourceTree = "<group>"; };
		D73CAF232F43515000ABB035 /* PreviewNewsViewModel.swift */ = {isa = PBXFileReference; lastKnownFileType = sourcecode.swift; path = PreviewNewsViewModel.swift; sourceTree = "<group>"; };
		D73CAF252F4360A700ABB035 /* NewsItemIdentifier.swift */ = {isa = PBXFileReference; lastKnownFileType = sourcecode.swift; path = NewsItemIdentifier.swift; sourceTree = "<group>"; };
		D73CAF282F43693900ABB035 /* BaseNewsViewModel.swift */ = {isa = PBXFileReference; lastKnownFileType = sourcecode.swift; path = BaseNewsViewModel.swift; sourceTree = "<group>"; };
		D73CAF2A2F437A2100ABB035 /* NewsFeedViewModel.swift */ = {isa = PBXFileReference; lastKnownFileType = sourcecode.swift; path = NewsFeedViewModel.swift; sourceTree = "<group>"; };
		D794E26A2F39F5AA0076DFAA /* NewsParser.swift */ = {isa = PBXFileReference; lastKnownFileType = sourcecode.swift; path = NewsParser.swift; sourceTree = "<group>"; };
		D794E26C2F3A3F0F0076DFAA /* NewsStorage.swift */ = {isa = PBXFileReference; lastKnownFileType = sourcecode.swift; path = NewsStorage.swift; sourceTree = "<group>"; };
		D794E26E2F3AF10E0076DFAA /* NewsStructures.swift */ = {isa = PBXFileReference; lastKnownFileType = sourcecode.swift; path = NewsStructures.swift; sourceTree = "<group>"; };
		D794E2722F3B23C20076DFAA /* ImageLoader.swift */ = {isa = PBXFileReference; lastKnownFileType = sourcecode.swift; path = ImageLoader.swift; sourceTree = "<group>"; };
		D794E2772F3C1F2C0076DFAA /* PreviewNewsItemCell.swift */ = {isa = PBXFileReference; lastKnownFileType = sourcecode.swift; path = PreviewNewsItemCell.swift; sourceTree = "<group>"; };
		D794E2792F3C1F4C0076DFAA /* PreviewNewsSupplementaryCell.swift */ = {isa = PBXFileReference; lastKnownFileType = sourcecode.swift; path = PreviewNewsSupplementaryCell.swift; sourceTree = "<group>"; };
		D794E27B2F3C2AC90076DFAA /* PreviewNewsCompositionalLayout.swift */ = {isa = PBXFileReference; lastKnownFileType = sourcecode.swift; path = PreviewNewsCompositionalLayout.swift; sourceTree = "<group>"; };
		D794E27D2F3C3CBC0076DFAA /* SceneDelegate.swift */ = {isa = PBXFileReference; fileEncoding = 4; lastKnownFileType = sourcecode.swift; path = SceneDelegate.swift; sourceTree = "<group>"; };
		D794E27F2F3C44E00076DFAA /* URLCache.swift */ = {isa = PBXFileReference; lastKnownFileType = sourcecode.swift; path = URLCache.swift; sourceTree = "<group>"; };
		D794E2812F3C46130076DFAA /* Lock.swift */ = {isa = PBXFileReference; lastKnownFileType = sourcecode.swift; path = Lock.swift; sourceTree = "<group>"; };
		D794E2882F3CA4A40076DFAA /* NewsItemCell.swift */ = {isa = PBXFileReference; lastKnownFileType = sourcecode.swift; path = NewsItemCell.swift; sourceTree = "<group>"; };
		D794E28A2F3CACBC0076DFAA /* NewsCompositionalLayout.swift */ = {isa = PBXFileReference; lastKnownFileType = sourcecode.swift; path = NewsCompositionalLayout.swift; sourceTree = "<group>"; };
		D7E5AF852F38689900B82167 /* NewsFeedPresentation.app */ = {isa = PBXFileReference; explicitFileType = wrapper.application; includeInIndex = 0; path = NewsFeedPresentation.app; sourceTree = BUILT_PRODUCTS_DIR; };
		D7E5AF882F38689900B82167 /* AppDelegate.swift */ = {isa = PBXFileReference; lastKnownFileType = sourcecode.swift; path = AppDelegate.swift; sourceTree = "<group>"; };
		D7E5AF8C2F38689900B82167 /* StartViewController.swift */ = {isa = PBXFileReference; lastKnownFileType = sourcecode.swift; path = StartViewController.swift; sourceTree = "<group>"; };
		D7E5AF8F2F38689900B82167 /* Base */ = {isa = PBXFileReference; lastKnownFileType = file.storyboard; name = Base; path = Base.lproj/Main.storyboard; sourceTree = "<group>"; };
		D7E5AF912F38689A00B82167 /* Assets.xcassets */ = {isa = PBXFileReference; lastKnownFileType = folder.assetcatalog; path = Assets.xcassets; sourceTree = "<group>"; };
		D7E5AF942F38689A00B82167 /* Base */ = {isa = PBXFileReference; lastKnownFileType = file.storyboard; name = Base; path = Base.lproj/LaunchScreen.storyboard; sourceTree = "<group>"; };
/* End PBXFileReference section */

/* Begin PBXFrameworksBuildPhase section */
		D7E5AF822F38689900B82167 /* Frameworks */ = {
			isa = PBXFrameworksBuildPhase;
			buildActionMask = 2147483647;
			files = (
			);
			runOnlyForDeploymentPostprocessing = 0;
		};
/* End PBXFrameworksBuildPhase section */

/* Begin PBXGroup section */
		D73CAF272F43690D00ABB035 /* ViewModels */ = {
			isa = PBXGroup;
			children = (
				D73CAF282F43693900ABB035 /* BaseNewsViewModel.swift */,
				D73CAF232F43515000ABB035 /* PreviewNewsViewModel.swift */,
				D73CAF2A2F437A2100ABB035 /* NewsFeedViewModel.swift */,
			);
			path = ViewModels;
			sourceTree = "<group>";
		};
		D794E2742F3C1DFD0076DFAA /* Source */ = {
			isa = PBXGroup;
			children = (
				D7E5AF882F38689900B82167 /* AppDelegate.swift */,
				D794E27D2F3C3CBC0076DFAA /* SceneDelegate.swift */,
				D794E2852F3C63DE0076DFAA /* Basic */,
				D794E2842F3C63220076DFAA /* Utilities */,
				D73CAF272F43690D00ABB035 /* ViewModels */,
				D794E2832F3C63190076DFAA /* Controllers */,
				D794E2762F3C1E4A0076DFAA /* Review */,
				D794E2752F3C1E0E0076DFAA /* Preview */,
			);
			path = Source;
			sourceTree = "<group>";
		};
		D794E2752F3C1E0E0076DFAA /* Preview */ = {
			isa = PBXGroup;
			children = (
				D794E2772F3C1F2C0076DFAA /* PreviewNewsItemCell.swift */,
				D794E2792F3C1F4C0076DFAA /* PreviewNewsSupplementaryCell.swift */,
				D794E27B2F3C2AC90076DFAA /* PreviewNewsCompositionalLayout.swift */,
			);
			path = Preview;
			sourceTree = "<group>";
		};
		D794E2762F3C1E4A0076DFAA /* Review */ = {
			isa = PBXGroup;
			children = (
				D794E2882F3CA4A40076DFAA /* NewsItemCell.swift */,
				D794E28A2F3CACBC0076DFAA /* NewsCompositionalLayout.swift */,
				D711C5D42F3E46DD005D1971 /* NewsItemImagesCell.swift */,
				D711C5D62F3E480F005D1971 /* NewsItemImageCell.swift */,
				D711C5D82F3E4948005D1971 /* ImagesCompositionalLayout.swift */,
				D711C6132F40AF59005D1971 /* FullNewsTextRequester.swift */,
			);
			path = Review;
			sourceTree = "<group>";
		};
		D794E2832F3C63190076DFAA /* Controllers */ = {
			isa = PBXGroup;
			children = (
				D7E5AF8C2F38689900B82167 /* StartViewController.swift */,
				D72493AE2F39B9AC00B04CD6 /* NewsFeedViewController.swift */,
				D73CAF252F4360A700ABB035 /* NewsItemIdentifier.swift */,
			);
			path = Controllers;
			sourceTree = "<group>";
		};
		D794E2842F3C63220076DFAA /* Utilities */ = {
			isa = PBXGroup;
			children = (
				D711C6192F425611005D1971 /* CollectionCell.swift */,
				D711C5DA2F3F2476005D1971 /* Date.swift */,
				D794E2722F3B23C20076DFAA /* ImageLoader.swift */,
				D794E27F2F3C44E00076DFAA /* URLCache.swift */,
				D794E2812F3C46130076DFAA /* Lock.swift */,
				D711C5DC2F3F2702005D1971 /* Label.swift */,
				D711C5E02F3F52D4005D1971 /* Log.swift */,
				D711C6152F41D704005D1971 /* AsyncQueue.swift */,
			);
			path = Utilities;
			sourceTree = "<group>";
		};
		D794E2852F3C63DE0076DFAA /* Basic */ = {
			isa = PBXGroup;
			children = (
				D794E26A2F39F5AA0076DFAA /* NewsParser.swift */,
				D794E26C2F3A3F0F0076DFAA /* NewsStorage.swift */,
				D794E26E2F3AF10E0076DFAA /* NewsStructures.swift */,
				D711C60B2F4069FC005D1971 /* NewsImageUrlsExtractor.swift */,
			);
			path = Basic;
			sourceTree = "<group>";
		};
		D7E5AF7C2F38689900B82167 = {
			isa = PBXGroup;
			children = (
				D794E2742F3C1DFD0076DFAA /* Source */,
				D7E5AF8E2F38689900B82167 /* Main.storyboard */,
				D7E5AF912F38689A00B82167 /* Assets.xcassets */,
				D7E5AF932F38689A00B82167 /* LaunchScreen.storyboard */,
				D711C6112F40A032005D1971 /* Info.plist */,
				D7E5AF862F38689900B82167 /* Products */,
			);
			sourceTree = "<group>";
		};
		D7E5AF862F38689900B82167 /* Products */ = {
			isa = PBXGroup;
			children = (
				D7E5AF852F38689900B82167 /* NewsFeedPresentation.app */,
			);
			name = Products;
			sourceTree = "<group>";
		};
/* End PBXGroup section */

/* Begin PBXNativeTarget section */
		D7E5AF842F38689900B82167 /* NewsFeedPresentation */ = {
			isa = PBXNativeTarget;
			buildConfigurationList = D7E5AF992F38689A00B82167 /* Build configuration list for PBXNativeTarget "NewsFeedPresentation" */;
			buildPhases = (
				D7E5AF812F38689900B82167 /* Sources */,
				D7E5AF822F38689900B82167 /* Frameworks */,
				D7E5AF832F38689900B82167 /* Resources */,
			);
			buildRules = (
			);
			dependencies = (
			);
			name = NewsFeedPresentation;
			productName = NewsFeedPresentation;
			productReference = D7E5AF852F38689900B82167 /* NewsFeedPresentation.app */;
			productType = "com.apple.product-type.application";
		};
/* End PBXNativeTarget section */

/* Begin PBXProject section */
		D7E5AF7D2F38689900B82167 /* Project object */ = {
			isa = PBXProject;
			attributes = {
				BuildIndependentTargetsInParallel = 1;
				LastSwiftUpdateCheck = 1430;
				LastUpgradeCheck = 1430;
				TargetAttributes = {
					D7E5AF842F38689900B82167 = {
						CreatedOnToolsVersion = 14.3.1;
					};
				};
			};
			buildConfigurationList = D7E5AF802F38689900B82167 /* Build configuration list for PBXProject "NewsFeedPresentation" */;
			compatibilityVersion = "Xcode 14.0";
			developmentRegion = en;
			hasScannedForEncodings = 0;
			knownRegions = (
				en,
				Base,
				ru,
			);
			mainGroup = D7E5AF7C2F38689900B82167;
			productRefGroup = D7E5AF862F38689900B82167 /* Products */;
			projectDirPath = "";
			projectRoot = "";
			targets = (
				D7E5AF842F38689900B82167 /* NewsFeedPresentation */,
			);
		};
/* End PBXProject section */

/* Begin PBXResourcesBuildPhase section */
		D7E5AF832F38689900B82167 /* Resources */ = {
			isa = PBXResourcesBuildPhase;
			buildActionMask = 2147483647;
			files = (
				D7E5AF952F38689A00B82167 /* LaunchScreen.storyboard in Resources */,
				D7E5AF922F38689A00B82167 /* Assets.xcassets in Resources */,
				D7E5AF902F38689900B82167 /* Main.storyboard in Resources */,
			);
			runOnlyForDeploymentPostprocessing = 0;
		};
/* End PBXResourcesBuildPhase section */

/* Begin PBXSourcesBuildPhase section */
		D7E5AF812F38689900B82167 /* Sources */ = {
			isa = PBXSourcesBuildPhase;
			buildActionMask = 2147483647;
			files = (
				D794E26D2F3A3F0F0076DFAA /* NewsStorage.swift in Sources */,
				D794E2782F3C1F2C0076DFAA /* PreviewNewsItemCell.swift in Sources */,
				D794E2732F3B23C20076DFAA /* ImageLoader.swift in Sources */,
				D794E26F2F3AF10E0076DFAA /* NewsStructures.swift in Sources */,
				D794E27A2F3C1F4C0076DFAA /* PreviewNewsSupplementaryCell.swift in Sources */,
				D711C5D52F3E46DD005D1971 /* NewsItemImagesCell.swift in Sources */,
				D711C6162F41D704005D1971 /* AsyncQueue.swift in Sources */,
				D794E27C2F3C2AC90076DFAA /* PreviewNewsCompositionalLayout.swift in Sources */,
				D7E5AF8D2F38689900B82167 /* StartViewController.swift in Sources */,
				D711C5E12F3F52D4005D1971 /* Log.swift in Sources */,
				D794E27E2F3C3CBC0076DFAA /* SceneDelegate.swift in Sources */,
				D794E2802F3C44E00076DFAA /* URLCache.swift in Sources */,
				D794E26B2F39F5AA0076DFAA /* NewsParser.swift in Sources */,
				D73CAF262F4360A700ABB035 /* NewsItemIdentifier.swift in Sources */,
				D711C5D92F3E4948005D1971 /* ImagesCompositionalLayout.swift in Sources */,
				D794E28B2F3CACBC0076DFAA /* NewsCompositionalLayout.swift in Sources */,
				D7E5AF892F38689900B82167 /* AppDelegate.swift in Sources */,
				D72493AF2F39B9AC00B04CD6 /* NewsFeedViewController.swift in Sources */,
				D73CAF2B2F437A2100ABB035 /* NewsFeedViewModel.swift in Sources */,
				D73CAF292F43693900ABB035 /* BaseNewsViewModel.swift in Sources */,
				D711C5D72F3E480F005D1971 /* NewsItemImageCell.swift in Sources */,
				D711C5DB2F3F2476005D1971 /* Date.swift in Sources */,
				D711C61A2F425611005D1971 /* CollectionCell.swift in Sources */,
				D711C60C2F4069FC005D1971 /* NewsImageUrlsExtractor.swift in Sources */,
				D794E2822F3C46130076DFAA /* Lock.swift in Sources */,
				D711C6142F40AF59005D1971 /* FullNewsTextRequester.swift in Sources */,
				D73CAF242F43515000ABB035 /* PreviewNewsViewModel.swift in Sources */,
				D711C5DD2F3F2702005D1971 /* Label.swift in Sources */,
				D794E2892F3CA4A40076DFAA /* NewsItemCell.swift in Sources */,
			);
			runOnlyForDeploymentPostprocessing = 0;
		};
/* End PBXSourcesBuildPhase section */

/* Begin PBXVariantGroup section */
		D7E5AF8E2F38689900B82167 /* Main.storyboard */ = {
			isa = PBXVariantGroup;
			children = (
				D7E5AF8F2F38689900B82167 /* Base */,
				D7196C9C2F46339200132B20 /* ru */,
			);
			name = Main.storyboard;
			sourceTree = "<group>";
		};
		D7E5AF932F38689A00B82167 /* LaunchScreen.storyboard */ = {
			isa = PBXVariantGroup;
			children = (
				D7E5AF942F38689A00B82167 /* Base */,
				D7196C9D2F46339200132B20 /* ru */,
			);
			name = LaunchScreen.storyboard;
			sourceTree = "<group>";
		};
/* End PBXVariantGroup section */

/* Begin XCBuildConfiguration section */
		D7E5AF972F38689A00B82167 /* Debug */ = {
			isa = XCBuildConfiguration;
			buildSettings = {
				ALWAYS_SEARCH_USER_PATHS = NO;
				CLANG_ANALYZER_LOCALIZABILITY_NONLOCALIZED = YES;
				CLANG_ANALYZER_NONNULL = YES;
				CLANG_ANALYZER_NUMBER_OBJECT_CONVERSION = YES_AGGRESSIVE;
				CLANG_CXX_LANGUAGE_STANDARD = "gnu++20";
				CLANG_ENABLE_MODULES = YES;
				CLANG_ENABLE_OBJC_ARC = YES;
				CLANG_ENABLE_OBJC_WEAK = YES;
				CLANG_WARN_BLOCK_CAPTURE_AUTORELEASING = YES;
				CLANG_WARN_BOOL_CONVERSION = YES;
				CLANG_WARN_COMMA = YES;
				CLANG_WARN_CONSTANT_CONVERSION = YES;
				CLANG_WARN_DEPRECATED_OBJC_IMPLEMENTATIONS = YES;
				CLANG_WARN_DIRECT_OBJC_ISA_USAGE = YES_ERROR;
				CLANG_WARN_DOCUMENTATION_COMMENTS = YES;
				CLANG_WARN_EMPTY_BODY = YES;
				CLANG_WARN_ENUM_CONVERSION = YES;
				CLANG_WARN_INFINITE_RECURSION = YES;
				CLANG_WARN_INT_CONVERSION = YES;
				CLANG_WARN_NON_LITERAL_NULL_CONVERSION = YES;
				CLANG_WARN_OBJC_IMPLICIT_RETAIN_SELF = YES;
				CLANG_WARN_OBJC_LITERAL_CONVERSION = YES;
				CLANG_WARN_OBJC_ROOT_CLASS = YES_ERROR;
				CLANG_WARN_QUOTED_INCLUDE_IN_FRAMEWORK_HEADER = YES;
				CLANG_WARN_RANGE_LOOP_ANALYSIS = YES;
				CLANG_WARN_STRICT_PROTOTYPES = YES;
				CLANG_WARN_SUSPICIOUS_MOVE = YES;
				CLANG_WARN_UNGUARDED_AVAILABILITY = YES_AGGRESSIVE;
				CLANG_WARN_UNREACHABLE_CODE = YES;
				CLANG_WARN__DUPLICATE_METHOD_MATCH = YES;
				COPY_PHASE_STRIP = NO;
				DEBUG_INFORMATION_FORMAT = dwarf;
				ENABLE_STRICT_OBJC_MSGSEND = YES;
				ENABLE_TESTABILITY = YES;
				GCC_C_LANGUAGE_STANDARD = gnu11;
				GCC_DYNAMIC_NO_PIC = NO;
				GCC_NO_COMMON_BLOCKS = YES;
				GCC_OPTIMIZATION_LEVEL = 0;
				GCC_PREPROCESSOR_DEFINITIONS = (
					"DEBUG=1",
					"$(inherited)",
				);
				GCC_WARN_64_TO_32_BIT_CONVERSION = YES;
				GCC_WARN_ABOUT_RETURN_TYPE = YES_ERROR;
				GCC_WARN_UNDECLARED_SELECTOR = YES;
				GCC_WARN_UNINITIALIZED_AUTOS = YES_AGGRESSIVE;
				GCC_WARN_UNUSED_FUNCTION = YES;
				GCC_WARN_UNUSED_VARIABLE = YES;
				IPHONEOS_DEPLOYMENT_TARGET = 16.4;
				MTL_ENABLE_DEBUG_INFO = INCLUDE_SOURCE;
				MTL_FAST_MATH = YES;
				ONLY_ACTIVE_ARCH = YES;
				SDKROOT = iphoneos;
				SWIFT_ACTIVE_COMPILATION_CONDITIONS = DEBUG;
				SWIFT_OPTIMIZATION_LEVEL = "-Onone";
			};
			name = Debug;
		};
		D7E5AF982F38689A00B82167 /* Release */ = {
			isa = XCBuildConfiguration;
			buildSettings = {
				ALWAYS_SEARCH_USER_PATHS = NO;
				CLANG_ANALYZER_LOCALIZABILITY_NONLOCALIZED = YES;
				CLANG_ANALYZER_NONNULL = YES;
				CLANG_ANALYZER_NUMBER_OBJECT_CONVERSION = YES_AGGRESSIVE;
				CLANG_CXX_LANGUAGE_STANDARD = "gnu++20";
				CLANG_ENABLE_MODULES = YES;
				CLANG_ENABLE_OBJC_ARC = YES;
				CLANG_ENABLE_OBJC_WEAK = YES;
				CLANG_WARN_BLOCK_CAPTURE_AUTORELEASING = YES;
				CLANG_WARN_BOOL_CONVERSION = YES;
				CLANG_WARN_COMMA = YES;
				CLANG_WARN_CONSTANT_CONVERSION = YES;
				CLANG_WARN_DEPRECATED_OBJC_IMPLEMENTATIONS = YES;
				CLANG_WARN_DIRECT_OBJC_ISA_USAGE = YES_ERROR;
				CLANG_WARN_DOCUMENTATION_COMMENTS = YES;
				CLANG_WARN_EMPTY_BODY = YES;
				CLANG_WARN_ENUM_CONVERSION = YES;
				CLANG_WARN_INFINITE_RECURSION = YES;
				CLANG_WARN_INT_CONVERSION = YES;
				CLANG_WARN_NON_LITERAL_NULL_CONVERSION = YES;
				CLANG_WARN_OBJC_IMPLICIT_RETAIN_SELF = YES;
				CLANG_WARN_OBJC_LITERAL_CONVERSION = YES;
				CLANG_WARN_OBJC_ROOT_CLASS = YES_ERROR;
				CLANG_WARN_QUOTED_INCLUDE_IN_FRAMEWORK_HEADER = YES;
				CLANG_WARN_RANGE_LOOP_ANALYSIS = YES;
				CLANG_WARN_STRICT_PROTOTYPES = YES;
				CLANG_WARN_SUSPICIOUS_MOVE = YES;
				CLANG_WARN_UNGUARDED_AVAILABILITY = YES_AGGRESSIVE;
				CLANG_WARN_UNREACHABLE_CODE = YES;
				CLANG_WARN__DUPLICATE_METHOD_MATCH = YES;
				COPY_PHASE_STRIP = NO;
				DEBUG_INFORMATION_FORMAT = "dwarf-with-dsym";
				ENABLE_NS_ASSERTIONS = NO;
				ENABLE_STRICT_OBJC_MSGSEND = YES;
				GCC_C_LANGUAGE_STANDARD = gnu11;
				GCC_NO_COMMON_BLOCKS = YES;
				GCC_WARN_64_TO_32_BIT_CONVERSION = YES;
				GCC_WARN_ABOUT_RETURN_TYPE = YES_ERROR;
				GCC_WARN_UNDECLARED_SELECTOR = YES;
				GCC_WARN_UNINITIALIZED_AUTOS = YES_AGGRESSIVE;
				GCC_WARN_UNUSED_FUNCTION = YES;
				GCC_WARN_UNUSED_VARIABLE = YES;
				IPHONEOS_DEPLOYMENT_TARGET = 16.4;
				MTL_ENABLE_DEBUG_INFO = NO;
				MTL_FAST_MATH = YES;
				SDKROOT = iphoneos;
				SWIFT_COMPILATION_MODE = wholemodule;
				SWIFT_OPTIMIZATION_LEVEL = "-O";
				VALIDATE_PRODUCT = YES;
			};
			name = Release;
		};
		D7E5AF9A2F38689A00B82167 /* Debug */ = {
			isa = XCBuildConfiguration;
			buildSettings = {
				ASSETCATALOG_COMPILER_APPICON_NAME = AppIcon;
				ASSETCATALOG_COMPILER_GLOBAL_ACCENT_COLOR_NAME = AccentColor;
				CODE_SIGN_STYLE = Manual;
				CURRENT_PROJECT_VERSION = 1;
				DEVELOPMENT_TEAM = "";
				GENERATE_INFOPLIST_FILE = YES;
				INFOPLIST_FILE = Info.plist;
				INFOPLIST_KEY_CFBundleDisplayName = NewsFeed;
				INFOPLIST_KEY_LSApplicationCategoryType = "public.app-category.news";
				INFOPLIST_KEY_UIApplicationSupportsIndirectInputEvents = YES;
				INFOPLIST_KEY_UILaunchStoryboardName = LaunchScreen.storyboard;
				INFOPLIST_KEY_UIMainStoryboardFile = Main;
				INFOPLIST_KEY_UISupportedInterfaceOrientations_iPad = "UIInterfaceOrientationPortrait UIInterfaceOrientationPortraitUpsideDown UIInterfaceOrientationLandscapeLeft UIInterfaceOrientationLandscapeRight";
				INFOPLIST_KEY_UISupportedInterfaceOrientations_iPhone = "UIInterfaceOrientationPortrait UIInterfaceOrientationLandscapeLeft UIInterfaceOrientationLandscapeRight";
				LD_RUNPATH_SEARCH_PATHS = (
					"$(inherited)",
					"@executable_path/Frameworks",
				);
				MARKETING_VERSION = 1.0;
				PRODUCT_BUNDLE_IDENTIFIER = ru.limbo.news.feed.presentation;
				PRODUCT_NAME = "$(TARGET_NAME)";
				PROVISIONING_PROFILE_SPECIFIER = "";
				SWIFT_EMIT_LOC_STRINGS = YES;
				SWIFT_VERSION = 5.0;
				TARGETED_DEVICE_FAMILY = "1,2";
			};
			name = Debug;
		};
		D7E5AF9B2F38689A00B82167 /* Release */ = {
			isa = XCBuildConfiguration;
			buildSettings = {
				ASSETCATALOG_COMPILER_APPICON_NAME = AppIcon;
				ASSETCATALOG_COMPILER_GLOBAL_ACCENT_COLOR_NAME = AccentColor;
				CODE_SIGN_STYLE = Manual;
				CURRENT_PROJECT_VERSION = 1;
				DEVELOPMENT_TEAM = "";
				GENERATE_INFOPLIST_FILE = YES;
				INFOPLIST_FILE = Info.plist;
				INFOPLIST_KEY_CFBundleDisplayName = NewsFeed;
				INFOPLIST_KEY_LSApplicationCategoryType = "public.app-category.news";
				INFOPLIST_KEY_UIApplicationSupportsIndirectInputEvents = YES;
				INFOPLIST_KEY_UILaunchStoryboardName = LaunchScreen.storyboard;
				INFOPLIST_KEY_UIMainStoryboardFile = Main;
				INFOPLIST_KEY_UISupportedInterfaceOrientations_iPad = "UIInterfaceOrientationPortrait UIInterfaceOrientationPortraitUpsideDown UIInterfaceOrientationLandscapeLeft UIInterfaceOrientationLandscapeRight";
				INFOPLIST_KEY_UISupportedInterfaceOrientations_iPhone = "UIInterfaceOrientationPortrait UIInterfaceOrientationLandscapeLeft UIInterfaceOrientationLandscapeRight";
				LD_RUNPATH_SEARCH_PATHS = (
					"$(inherited)",
					"@executable_path/Frameworks",
				);
				MARKETING_VERSION = 1.0;
				PRODUCT_BUNDLE_IDENTIFIER = ru.limbo.news.feed.presentation;
				PRODUCT_NAME = "$(TARGET_NAME)";
				PROVISIONING_PROFILE_SPECIFIER = "";
				SWIFT_EMIT_LOC_STRINGS = YES;
				SWIFT_VERSION = 5.0;
				TARGETED_DEVICE_FAMILY = "1,2";
			};
			name = Release;
		};
/* End XCBuildConfiguration section */

/* Begin XCConfigurationList section */
		D7E5AF802F38689900B82167 /* Build configuration list for PBXProject "NewsFeedPresentation" */ = {
			isa = XCConfigurationList;
			buildConfigurations = (
				D7E5AF972F38689A00B82167 /* Debug */,
				D7E5AF982F38689A00B82167 /* Release */,
			);
			defaultConfigurationIsVisible = 0;
			defaultConfigurationName = Release;
		};
		D7E5AF992F38689A00B82167 /* Build configuration list for PBXNativeTarget "NewsFeedPresentation" */ = {
			isa = XCConfigurationList;
			buildConfigurations = (
				D7E5AF9A2F38689A00B82167 /* Debug */,
				D7E5AF9B2F38689A00B82167 /* Release */,
			);
			defaultConfigurationIsVisible = 0;
			defaultConfigurationName = Release;
		};
/* End XCConfigurationList section */
	};
	rootObject = D7E5AF7D2F38689900B82167 /* Project object */;
}
